Microsoft Visual Studio Solution File, Format Version 11.00
# Visual Studio 2008

Project("{50E08FB3-19B0-0BFB-B74D-5B8411840A15}") = "VidyaNusav0.1", "Assembly-CSharp.csproj", "{2D38BDF8-D9D5-1031-DF2D-EA8A529FE708}"
EndProject
Global
	GlobalSection(SolutionConfigurationPlatforms) = preSolution
		Debug|Any CPU = Debug|Any CPU
		Release|Any CPU = Release|Any CPU
	EndGlobalSection
	GlobalSection(ProjectConfigurationPlatforms) = postSolution
		{2D38BDF8-D9D5-1031-DF2D-EA8A529FE708}.Debug|Any CPU.ActiveCfg = Debug|Any CPU
		{2D38BDF8-D9D5-1031-DF2D-EA8A529FE708}.Debug|Any CPU.Build.0 = Debug|Any CPU
		{2D38BDF8-D9D5-1031-DF2D-EA8A529FE708}.Release|Any CPU.ActiveCfg = Release|Any CPU
		{2D38BDF8-D9D5-1031-DF2D-EA8A529FE708}.Release|Any CPU.Build.0 = Release|Any CPU
	EndGlobalSection
	GlobalSection(SolutionProperties) = preSolution
		HideSolutionNode = FALSE
	EndGlobalSection
	GlobalSection(MonoDevelopProperties) = preSolution
		StartupItem = Assembly-CSharp.csproj
	EndGlobalSection
EndGlobal
